
Microsoft Visual Studio Solution File, Format Version 12.00
# Visual Studio 15
VisualStudioVersion = 15.0.28307.1259
MinimumVisualStudioVersion = 10.0.40219.1
Project("{FAE04EC0-301F-11D3-BF4B-00C04F79EFBC}") = "Ordering.API", "Ordering.API\Ordering.API.csproj", "{C71A898B-0F58-47CA-8A13-46E335908227}"
EndProject
Project("{FAE04EC0-301F-11D3-BF4B-00C04F79EFBC}") = "Ordering.Domain", "Ordering.Domain\Ordering.Domain.csproj", "{2C74781D-E5D1-4BCD-97CD-9C10C6F5FDD7}"
EndProject
Project("{FAE04EC0-301F-11D3-BF4B-00C04F79EFBC}") = "Ordering.Infastructure", "Ordering.Infastructure\Ordering.Infastructure.csproj", "{C2E56A40-5817-4EED-BCB6-73F3BED0DBF9}"
EndProject
Global
	GlobalSection(SolutionConfigurationPlatforms) = preSolution
		Debug|Any CPU = Debug|Any CPU
		Release|Any CPU = Release|Any CPU
	EndGlobalSection
	GlobalSection(ProjectConfigurationPlatforms) = postSolution
		{C71A898B-0F58-47CA-8A13-46E335908227}.Debug|Any CPU.ActiveCfg = Debug|Any CPU
		{C71A898B-0F58-47CA-8A13-46E335908227}.Debug|Any CPU.Build.0 = Debug|Any CPU
		{C71A898B-0F58-47CA-8A13-46E335908227}.Release|Any CPU.ActiveCfg = Release|Any CPU
		{C71A898B-0F58-47CA-8A13-46E335908227}.Release|Any CPU.Build.0 = Release|Any CPU
		{2C74781D-E5D1-4BCD-97CD-9C10C6F5FDD7}.Debug|Any CPU.ActiveCfg = Debug|Any CPU
		{2C74781D-E5D1-4BCD-97CD-9C10C6F5FDD7}.Debug|Any CPU.Build.0 = Debug|Any CPU
		{2C74781D-E5D1-4BCD-97CD-9C10C6F5FDD7}.Release|Any CPU.ActiveCfg = Release|Any CPU
		{2C74781D-E5D1-4BCD-97CD-9C10C6F5FDD7}.Release|Any CPU.Build.0 = Release|Any CPU
		{C2E56A40-5817-4EED-BCB6-73F3BED0DBF9}.Debug|Any CPU.ActiveCfg = Debug|Any CPU
		{C2E56A40-5817-4EED-BCB6-73F3BED0DBF9}.Debug|Any CPU.Build.0 = Debug|Any CPU
		{C2E56A40-5817-4EED-BCB6-73F3BED0DBF9}.Release|Any CPU.ActiveCfg = Release|Any CPU
		{C2E56A40-5817-4EED-BCB6-73F3BED0DBF9}.Release|Any CPU.Build.0 = Release|Any CPU
	EndGlobalSection
	GlobalSection(SolutionProperties) = preSolution
		HideSolutionNode = FALSE
	EndGlobalSection
	GlobalSection(ExtensibilityGlobals) = postSolution
		SolutionGuid = {260920C5-5C80-41D8-9502-9A401BF77683}
	EndGlobalSection
EndGlobal
